cookbook 'bz-server', :path => '/opt/ruby/cookbooks/bz-server'
cookbook 'ubuntu', :git => 'git://github.com/opscode-cookbooks/ubuntu.git', :ref => 'master'
cookbook 'line', :locked_version => '0.5.1'
cookbook 'unattended-upgrades', :git => 'git://github.com/phillip/chef-unattended-upgrades.git', :ref => 'master'
cookbook 'git', :locked_version => '2.5.2'
cookbook 'dmg', :locked_version => '1.1.0'
cookbook 'build-essential', :locked_version => '1.4.0'
cookbook 'yum', :locked_version => '2.3.0'
cookbook 'windows', :locked_version => '1.10.0'
cookbook 'chef_handler', :locked_version => '1.1.4'
cookbook 'runit', :locked_version => '1.1.6'
cookbook 'user', :locked_version => '0.3.0'
cookbook 'openssh', :locked_version => '1.2.0'
cookbook 'iptables', :locked_version => '0.12.0'
cookbook 'locales', :locked_version => '0.1.0'
cookbook 'hostsfile', :locked_version => '1.0.2'
cookbook 'ohai', :locked_version => '1.1.10'
cookbook 'imagemagick', :locked_version => '0.2.2'
cookbook 'firewall', :locked_version => '0.11.0'
cookbook 'java', :locked_version => '1.15.4'
cookbook 'aws', :locked_version => '0.101.2'
cookbook 'monit', :locked_version => '0.7.1'
cookbook 'elasticsearch', :locked_version => '0.3.7'
cookbook 'xml', :locked_version => '1.2.0'
cookbook 'ark', :locked_version => '0.4.0'
cookbook 'unattended_upgrades', :locked_version => '0.0.1'
cookbook 'apt', :locked_version => '2.0.0'